// !$*UTF8*$!
{
	archiveVersion = 1;
	classes = {
	};
	objectVersion = 46;
	objects = {

/* Begin PBXBuildFile section */
		F86E33591C314F3B006485BC /* SwiftyJSON.swift in Sources */ = {isa = PBXBuildFile; fileRef = F86E33581C314F3B006485BC /* SwiftyJSON.swift */; };
		F8DE1F581C315C4A004A887A /* CityInfo.swift in Sources */ = {isa = PBXBuildFile; fileRef = F8DE1F571C315C4A004A887A /* CityInfo.swift */; };
		F8DE1F5D1C316B1F004A887A /* CityInfoCell.swift in Sources */ = {isa = PBXBuildFile; fileRef = F8DE1F5C1C316B1F004A887A /* CityInfoCell.swift */; };
		F8EB94301C31420100593D04 /* AppDelegate.swift in Sources */ = {isa = PBXBuildFile; fileRef = F8EB942F1C31420100593D04 /* AppDelegate.swift */; };
		F8EB94321C31420100593D04 /* InitialViewController.swift in Sources */ = {isa = PBXBuildFile; fileRef = F8EB94311C31420100593D04 /* InitialViewController.swift */; };
		F8EB94351C31420100593D04 /* Main.storyboard in Resources */ = {isa = PBXBuildFile; fileRef = F8EB94331C31420100593D04 /* Main.storyboard */; };
		F8EB94371C31420100593D04 /* Assets.xcassets in Resources */ = {isa = PBXBuildFile; fileRef = F8EB94361C31420100593D04 /* Assets.xcassets */; };
		F8EB943A1C31420100593D04 /* LaunchScreen.storyboard in Resources */ = {isa = PBXBuildFile; fileRef = F8EB94381C31420100593D04 /* LaunchScreen.storyboard */; };
		F8EB94421C31426100593D04 /* ErrorFactory.swift in Sources */ = {isa = PBXBuildFile; fileRef = F8EB94411C31426100593D04 /* ErrorFactory.swift */; };
		F8EB94461C31433900593D04 /* Helpers.swift in Sources */ = {isa = PBXBuildFile; fileRef = F8EB94451C31433900593D04 /* Helpers.swift */; };
/* End PBXBuildFile section */

/* Begin PBXFileReference section */
		F86E33581C314F3B006485BC /* SwiftyJSON.swift */ = {isa = PBXFileReference; fileEncoding = 4; lastKnownFileType = sourcecode.swift; path = SwiftyJSON.swift; sourceTree = "<group>"; };
		F8DE1F571C315C4A004A887A /* CityInfo.swift */ = {isa = PBXFileReference; fileEncoding = 4; lastKnownFileType = sourcecode.swift; path = CityInfo.swift; sourceTree = "<group>"; };
		F8DE1F5C1C316B1F004A887A /* CityInfoCell.swift */ = {isa = PBXFileReference; fileEncoding = 4; lastKnownFileType = sourcecode.swift; path = CityInfoCell.swift; sourceTree = "<group>"; };
		F8EB942C1C31420100593D04 /* SunnyCities.app */ = {isa = PBXFileReference; explicitFileType = wrapper.application; includeInIndex = 0; path = SunnyCities.app; sourceTree = BUILT_PRODUCTS_DIR; };
		F8EB942F1C31420100593D04 /* AppDelegate.swift */ = {isa = PBXFileReference; lastKnownFileType = sourcecode.swift; path = AppDelegate.swift; sourceTree = "<group>"; };
		F8EB94311C31420100593D04 /* InitialViewController.swift */ = {isa = PBXFileReference; lastKnownFileType = sourcecode.swift; path = InitialViewController.swift; sourceTree = "<group>"; };
		F8EB94341C31420100593D04 /* Base */ = {isa = PBXFileReference; lastKnownFileType = file.storyboard; name = Base; path = Base.lproj/Main.storyboard; sourceTree = "<group>"; };
		F8EB94361C31420100593D04 /* Assets.xcassets */ = {isa = PBXFileReference; lastKnownFileType = folder.assetcatalog; path = Assets.xcassets; sourceTree = "<group>"; };
		F8EB94391C31420100593D04 /* Base */ = {isa = PBXFileReference; lastKnownFileType = file.storyboard; name = Base; path = Base.lproj/LaunchScreen.storyboard; sourceTree = "<group>"; };
		F8EB943B1C31420100593D04 /* Info.plist */ = {isa = PBXFileReference; lastKnownFileType = text.plist.xml; path = Info.plist; sourceTree = "<group>"; };
		F8EB94411C31426100593D04 /* ErrorFactory.swift */ = {isa = PBXFileReference; fileEncoding = 4; lastKnownFileType = sourcecode.swift; path = ErrorFactory.swift; sourceTree = "<group>"; };
		F8EB94451C31433900593D04 /* Helpers.swift */ = {isa = PBXFileReference; fileEncoding = 4; lastKnownFileType = sourcecode.swift; name = Helpers.swift; path = ../Helpers.swift; sourceTree = "<group>"; };
/* End PBXFileReference section */

/* Begin PBXFrameworksBuildPhase section */
		F8EB94291C31420100593D04 /* Frameworks */ = {
			isa = PBXFrameworksBuildPhase;
			buildActionMask = 2147483647;
			files = (
			);
			runOnlyForDeploymentPostprocessing = 0;
		};
/* End PBXFrameworksBuildPhase section */

/* Begin PBXGroup section */
		F8DE1F561C315C04004A887A /* Models */ = {
			isa = PBXGroup;
			children = (
				F8DE1F571C315C4A004A887A /* CityInfo.swift */,
			);
			name = Models;
			sourceTree = "<group>";
		};
		F8DE1F591C316AE1004A887A /* Cells */ = {
			isa = PBXGroup;
			children = (
				F8DE1F5C1C316B1F004A887A /* CityInfoCell.swift */,
			);
			name = Cells;
			sourceTree = "<group>";
		};
		F8EB94231C31420100593D04 = {
			isa = PBXGroup;
			children = (
				F8EB942E1C31420100593D04 /* SunnyCities */,
				F8EB942D1C31420100593D04 /* Products */,
			);
			sourceTree = "<group>";
		};
		F8EB942D1C31420100593D04 /* Products */ = {
			isa = PBXGroup;
			children = (
				F8EB942C1C31420100593D04 /* SunnyCities.app */,
			);
			name = Products;
			sourceTree = "<group>";
		};
		F8EB942E1C31420100593D04 /* SunnyCities */ = {
			isa = PBXGroup;
			children = (
				F8DE1F591C316AE1004A887A /* Cells */,
				F8DE1F561C315C04004A887A /* Models */,
				F8EB94471C31482700593D04 /* ViewControllers */,
				F8EB942F1C31420100593D04 /* AppDelegate.swift */,
				F8EB94331C31420100593D04 /* Main.storyboard */,
				F8EB94361C31420100593D04 /* Assets.xcassets */,
				F8EB94411C31426100593D04 /* ErrorFactory.swift */,
				F8EB94381C31420100593D04 /* LaunchScreen.storyboard */,
				F8EB94451C31433900593D04 /* Helpers.swift */,
				F8EB943B1C31420100593D04 /* Info.plist */,
				F86E33581C314F3B006485BC /* SwiftyJSON.swift */,
			);
			path = SunnyCities;
			sourceTree = "<group>";
		};
		F8EB94471C31482700593D04 /* ViewControllers */ = {
			isa = PBXGroup;
			children = (
				F8EB94311C31420100593D04 /* InitialViewController.swift */,
			);
			name = ViewControllers;
			sourceTree = "<group>";
		};
/* End PBXGroup section */

/* Begin PBXNativeTarget section */
		F8EB942B1C31420100593D04 /* SunnyCities */ = {
			isa = PBXNativeTarget;
			buildConfigurationList = F8EB943E1C31420100593D04 /* Build configuration list for PBXNativeTarget "SunnyCities" */;
			buildPhases = (
				F8EB94281C31420100593D04 /* Sources */,
				F8EB94291C31420100593D04 /* Frameworks */,
				F8EB942A1C31420100593D04 /* Resources */,
			);
			buildRules = (
			);
			dependencies = (
			);
			name = SunnyCities;
			productName = SunnyCities;
			productReference = F8EB942C1C31420100593D04 /* SunnyCities.app */;
			productType = "com.apple.product-type.application";
		};
/* End PBXNativeTarget section */

/* Begin PBXProject section */
		F8EB94241C31420100593D04 /* Project object */ = {
			isa = PBXProject;
			attributes = {
				LastSwiftUpdateCheck = 0720;
				LastUpgradeCheck = 0720;
				ORGANIZATIONNAME = "Stefan Atkinson";
				TargetAttributes = {
					F8EB942B1C31420100593D04 = {
						CreatedOnToolsVersion = 7.2;
						DevelopmentTeam = 44FCX4228Z;
					};
				};
			};
			buildConfigurationList = F8EB94271C31420100593D04 /* Build configuration list for PBXProject "SunnyCities" */;
			compatibilityVersion = "Xcode 3.2";
			developmentRegion = English;
			hasScannedForEncodings = 0;
			knownRegions = (
				en,
				Base,
			);
			mainGroup = F8EB94231C31420100593D04;
			productRefGroup = F8EB942D1C31420100593D04 /* Products */;
			projectDirPath = "";
			projectRoot = "";
			targets = (
				F8EB942B1C31420100593D04 /* SunnyCities */,
			);
		};
/* End PBXProject section */

/* Begin PBXResourcesBuildPhase section */
		F8EB942A1C31420100593D04 /* Resources */ = {
			isa = PBXResourcesBuildPhase;
			buildActionMask = 2147483647;
			files = (
				F8EB943A1C31420100593D04 /* LaunchScreen.storyboard in Resources */,
				F8EB94371C31420100593D04 /* Assets.xcassets in Resources */,
				F8EB94351C31420100593D04 /* Main.storyboard in Resources */,
			);
			runOnlyForDeploymentPostprocessing = 0;
		};
/* End PBXResourcesBuildPhase section */

/* Begin PBXSourcesBuildPhase section */
		F8EB94281C31420100593D04 /* Sources */ = {
			isa = PBXSourcesBuildPhase;
			buildActionMask = 2147483647;
			files = (
				F8EB94321C31420100593D04 /* InitialViewController.swift in Sources */,
				F8EB94301C31420100593D04 /* AppDelegate.swift in Sources */,
				F8DE1F5D1C316B1F004A887A /* CityInfoCell.swift in Sources */,
				F8EB94421C31426100593D04 /* ErrorFactory.swift in Sources */,
				F86E33591C314F3B006485BC /* SwiftyJSON.swift in Sources */,
				F8DE1F581C315C4A004A887A /* CityInfo.swift in Sources */,
				F8EB94461C31433900593D04 /* Helpers.swift in Sources */,
			);
			runOnlyForDeploymentPostprocessing = 0;
		};
/* End PBXSourcesBuildPhase section */

/* Begin PBXVariantGroup section */
		F8EB94331C31420100593D04 /* Main.storyboard */ = {
			isa = PBXVariantGroup;
			children = (
				F8EB94341C31420100593D04 /* Base */,
			);
			name = Main.storyboard;
			sourceTree = "<group>";
		};
		F8EB94381C31420100593D04 /* LaunchScreen.storyboard */ = {
			isa = PBXVariantGroup;
			children = (
				F8EB94391C31420100593D04 /* Base */,
			);
			name = LaunchScreen.storyboard;
			sourceTree = "<group>";
		};
/* End PBXVariantGroup section */

/* Begin XCBuildConfiguration section */
		F8EB943C1C31420100593D04 /* Debug */ = {
			isa = XCBuildConfiguration;
			buildSettings = {
				ALWAYS_SEARCH_USER_PATHS = NO;
				CLANG_CXX_LANGUAGE_STANDARD = "gnu++0x";
				CLANG_CXX_LIBRARY = "libc++";
				CLANG_ENABLE_MODULES = YES;
				CLANG_ENABLE_OBJC_ARC = YES;
				CLANG_WARN_BOOL_CONVERSION = YES;
				CLANG_WARN_CONSTANT_CONVERSION = YES;
				CLANG_WARN_DIRECT_OBJC_ISA_USAGE = YES_ERROR;
				CLANG_WARN_EMPTY_BODY = YES;
				CLANG_WARN_ENUM_CONVERSION = YES;
				CLANG_WARN_INT_CONVERSION = YES;
				CLANG_WARN_OBJC_ROOT_CLASS = YES_ERROR;
				CLANG_WARN_UNREACHABLE_CODE = YES;
				CLANG_WARN__DUPLICATE_METHOD_MATCH = YES;
				"CODE_SIGN_IDENTITY[sdk=iphoneos*]" = "iPhone Developer";
				COPY_PHASE_STRIP = NO;
				DEBUG_INFORMATION_FORMAT = dwarf;
				ENABLE_STRICT_OBJC_MSGSEND = YES;
				ENABLE_TESTABILITY = YES;
				GCC_C_LANGUAGE_STANDARD = gnu99;
				GCC_DYNAMIC_NO_PIC = NO;
				GCC_NO_COMMON_BLOCKS = YES;
				GCC_OPTIMIZATION_LEVEL = 0;
				GCC_PREPROCESSOR_DEFINITIONS = (
					"DEBUG=1",
					"$(inherited)",
				);
				GCC_WARN_64_TO_32_BIT_CONVERSION = YES;
				GCC_WARN_ABOUT_RETURN_TYPE = YES_ERROR;
				GCC_WARN_UNDECLARED_SELECTOR = YES;
				GCC_WARN_UNINITIALIZED_AUTOS = YES_AGGRESSIVE;
				GCC_WARN_UNUSED_FUNCTION = YES;
				GCC_WARN_UNUSED_VARIABLE = YES;
				IPHONEOS_DEPLOYMENT_TARGET = 9.2;
				MTL_ENABLE_DEBUG_INFO = YES;
				ONLY_ACTIVE_ARCH = YES;
				SDKROOT = iphoneos;
				SWIFT_OPTIMIZATION_LEVEL = "-Onone";
				TARGETED_DEVICE_FAMILY = "1,2";
			};
			name = Debug;
		};
		F8EB943D1C31420100593D04 /* Release */ = {
			isa = XCBuildConfiguration;
			buildSettings = {
				ALWAYS_SEARCH_USER_PATHS = NO;
				CLANG_CXX_LANGUAGE_STANDARD = "gnu++0x";
				CLANG_CXX_LIBRARY = "libc++";
				CLANG_ENABLE_MODULES = YES;
				CLANG_ENABLE_OBJC_ARC = YES;
				CLANG_WARN_BOOL_CONVERSION = YES;
				CLANG_WARN_CONSTANT_CONVERSION = YES;
				CLANG_WARN_DIRECT_OBJC_ISA_USAGE = YES_ERROR;
				CLANG_WARN_EMPTY_BODY = YES;
				CLANG_WARN_ENUM_CONVERSION = YES;
				CLANG_WARN_INT_CONVERSION = YES;
				CLANG_WARN_OBJC_ROOT_CLASS = YES_ERROR;
				CLANG_WARN_UNREACHABLE_CODE = YES;
				CLANG_WARN__DUPLICATE_METHOD_MATCH = YES;
				"CODE_SIGN_IDENTITY[sdk=iphoneos*]" = "iPhone Developer";
				COPY_PHASE_STRIP = NO;
				DEBUG_INFORMATION_FORMAT = "dwarf-with-dsym";
				ENABLE_NS_ASSERTIONS = NO;
				ENABLE_STRICT_OBJC_MSGSEND = YES;
				GCC_C_LANGUAGE_STANDARD = gnu99;
				GCC_NO_COMMON_BLOCKS = YES;
				GCC_WARN_64_TO_32_BIT_CONVERSION = YES;
				GCC_WARN_ABOUT_RETURN_TYPE = YES_ERROR;
				GCC_WARN_UNDECLARED_SELECTOR = YES;
				GCC_WARN_UNINITIALIZED_AUTOS = YES_AGGRESSIVE;
				GCC_WARN_UNUSED_FUNCTION = YES;
				GCC_WARN_UNUSED_VARIABLE = YES;
				IPHONEOS_DEPLOYMENT_TARGET = 9.2;
				MTL_ENABLE_DEBUG_INFO = NO;
				SDKROOT = iphoneos;
				TARGETED_DEVICE_FAMILY = "1,2";
				VALIDATE_PRODUCT = YES;
			};
			name = Release;
		};
		F8EB943F1C31420100593D04 /* Debug */ = {
			isa = XCBuildConfiguration;
			buildSettings = {
				ASSETCATALOG_COMPILER_APPICON_NAME = AppIcon;
				INFOPLIST_FILE = SunnyCities/Info.plist;
				LD_RUNPATH_SEARCH_PATHS = "$(inherited) @executable_path/Frameworks";
				PRODUCT_BUNDLE_IDENTIFIER = Projet.SunnyCities;
				PRODUCT_NAME = "$(TARGET_NAME)";
			};
			name = Debug;
		};
		F8EB94401C31420100593D04 /* Release */ = {
			isa = XCBuildConfiguration;
			buildSettings = {
				ASSETCATALOG_COMPILER_APPICON_NAME = AppIcon;
				INFOPLIST_FILE = SunnyCities/Info.plist;
				LD_RUNPATH_SEARCH_PATHS = "$(inherited) @executable_path/Frameworks";
				PRODUCT_BUNDLE_IDENTIFIER = Projet.SunnyCities;
				PRODUCT_NAME = "$(TARGET_NAME)";
			};
			name = Release;
		};
/* End XCBuildConfiguration section */

/* Begin XCConfigurationList section */
		F8EB94271C31420100593D04 /* Build configuration list for PBXProject "SunnyCities" */ = {
			isa = XCConfigurationList;
			buildConfigurations = (
				F8EB943C1C31420100593D04 /* Debug */,
				F8EB943D1C31420100593D04 /* Release */,
			);
			defaultConfigurationIsVisible = 0;
			defaultConfigurationName = Release;
		};
		F8EB943E1C31420100593D04 /* Build configuration list for PBXNativeTarget "SunnyCities" */ = {
			isa = XCConfigurationList;
			buildConfigurations = (
				F8EB943F1C31420100593D04 /* Debug */,
				F8EB94401C31420100593D04 /* Release */,
			);
			defaultConfigurationIsVisible = 0;
			defaultConfigurationName = Release;
		};
/* End XCConfigurationList section */
	};
	rootObject = F8EB94241C31420100593D04 /* Project object */;
}
